// !$*UTF8*$!
{
	archiveVersion = 1;
	classes = {
	};
	objectVersion = 56;
	objects = {

/* Begin PBXBuildFile section */
		74878BAF296037BC0095349F /* AppDelegate.swift in Sources */ = {isa = PBXBuildFile; fileRef = 74878BAE296037BC0095349F /* AppDelegate.swift */; };
		74878BB1296037BC0095349F /* SceneDelegate.swift in Sources */ = {isa = PBXBuildFile; fileRef = 74878BB0296037BC0095349F /* SceneDelegate.swift */; };
		74878BB3296037BC0095349F /* AuthViewController.swift in Sources */ = {isa = PBXBuildFile; fileRef = 74878BB2296037BC0095349F /* AuthViewController.swift */; };
		74878BB9296037BC0095349F /* AuthPageTest.xcdatamodeld in Sources */ = {isa = PBXBuildFile; fileRef = 74878BB7296037BC0095349F /* AuthPageTest.xcdatamodeld */; };
		74878BC62960383B0095349F /* CoreDataManager.swift in Sources */ = {isa = PBXBuildFile; fileRef = 74878BC52960383B0095349F /* CoreDataManager.swift */; };
		74878BC92960418D0095349F /* Person+CoreDataClass.swift in Sources */ = {isa = PBXBuildFile; fileRef = 74878BC72960418D0095349F /* Person+CoreDataClass.swift */; };
		74878BCA2960418D0095349F /* Person+CoreDataProperties.swift in Sources */ = {isa = PBXBuildFile; fileRef = 74878BC82960418D0095349F /* Person+CoreDataProperties.swift */; };
		74878BD029608DF80095349F /* CoreDataProvider.swift in Sources */ = {isa = PBXBuildFile; fileRef = 74878BCF29608DF80095349F /* CoreDataProvider.swift */; };
		74878BDE29609B8D0095349F /* Assets.xcassets in Resources */ = {isa = PBXBuildFile; fileRef = 74878BBA296037BF0095349F /* Assets.xcassets */; };
		74878BDF29609B980095349F /* LaunchScreen.storyboard in Resources */ = {isa = PBXBuildFile; fileRef = 74878BBC296037BF0095349F /* LaunchScreen.storyboard */; };
		74878BF02960AA1D0095349F /* AuthViewModel.swift in Sources */ = {isa = PBXBuildFile; fileRef = 74878BEF2960AA1D0095349F /* AuthViewModel.swift */; };
		74878BF22960AC340095349F /* AuthView.swift in Sources */ = {isa = PBXBuildFile; fileRef = 74878BF12960AC340095349F /* AuthView.swift */; };
		74878BFA2960BB100095349F /* SnapKit in Frameworks */ = {isa = PBXBuildFile; productRef = 74878BF92960BB100095349F /* SnapKit */; };
		74878BFD2960D45D0095349F /* AppColors.swift in Sources */ = {isa = PBXBuildFile; fileRef = 74878BFC2960D45D0095349F /* AppColors.swift */; };
		74878C012961BE290095349F /* RegisterView.swift in Sources */ = {isa = PBXBuildFile; fileRef = 74878C002961BE290095349F /* RegisterView.swift */; };
		74878C032961BE5F0095349F /* RecoverView.swift in Sources */ = {isa = PBXBuildFile; fileRef = 74878C022961BE5F0095349F /* RecoverView.swift */; };
/* End PBXBuildFile section */

/* Begin PBXFileReference section */
		74878BAB296037BC0095349F /* AuthPageTest.app */ = {isa = PBXFileReference; explicitFileType = wrapper.application; includeInIndex = 0; path = AuthPageTest.app; sourceTree = BUILT_PRODUCTS_DIR; };
		74878BAE296037BC0095349F /* AppDelegate.swift */ = {isa = PBXFileReference; lastKnownFileType = sourcecode.swift; path = AppDelegate.swift; sourceTree = "<group>"; };
		74878BB0296037BC0095349F /* SceneDelegate.swift */ = {isa = PBXFileReference; lastKnownFileType = sourcecode.swift; path = SceneDelegate.swift; sourceTree = "<group>"; };
		74878BB2296037BC0095349F /* AuthViewController.swift */ = {isa = PBXFileReference; lastKnownFileType = sourcecode.swift; path = AuthViewController.swift; sourceTree = "<group>"; };
		74878BB8296037BC0095349F /* AuthPageTest.xcdatamodel */ = {isa = PBXFileReference; lastKnownFileType = wrapper.xcdatamodel; path = AuthPageTest.xcdatamodel; sourceTree = "<group>"; };
		74878BBA296037BF0095349F /* Assets.xcassets */ = {isa = PBXFileReference; lastKnownFileType = folder.assetcatalog; path = Assets.xcassets; sourceTree = "<group>"; };
		74878BBD296037BF0095349F /* Base */ = {isa = PBXFileReference; lastKnownFileType = file.storyboard; name = Base; path = Base.lproj/LaunchScreen.storyboard; sourceTree = "<group>"; };
		74878BBF296037BF0095349F /* Info.plist */ = {isa = PBXFileReference; lastKnownFileType = text.plist.xml; path = Info.plist; sourceTree = "<group>"; };
		74878BC52960383B0095349F /* CoreDataManager.swift */ = {isa = PBXFileReference; lastKnownFileType = sourcecode.swift; path = CoreDataManager.swift; sourceTree = "<group>"; };
		74878BC72960418D0095349F /* Person+CoreDataClass.swift */ = {isa = PBXFileReference; lastKnownFileType = sourcecode.swift; path = "Person+CoreDataClass.swift"; sourceTree = "<group>"; };
		74878BC82960418D0095349F /* Person+CoreDataProperties.swift */ = {isa = PBXFileReference; lastKnownFileType = sourcecode.swift; path = "Person+CoreDataProperties.swift"; sourceTree = "<group>"; };
		74878BCF29608DF80095349F /* CoreDataProvider.swift */ = {isa = PBXFileReference; lastKnownFileType = sourcecode.swift; path = CoreDataProvider.swift; sourceTree = "<group>"; };
		74878BEF2960AA1D0095349F /* AuthViewModel.swift */ = {isa = PBXFileReference; lastKnownFileType = sourcecode.swift; path = AuthViewModel.swift; sourceTree = "<group>"; };
		74878BF12960AC340095349F /* AuthView.swift */ = {isa = PBXFileReference; lastKnownFileType = sourcecode.swift; path = AuthView.swift; sourceTree = "<group>"; };
		74878BFC2960D45D0095349F /* AppColors.swift */ = {isa = PBXFileReference; lastKnownFileType = sourcecode.swift; path = AppColors.swift; sourceTree = "<group>"; };
		74878C002961BE290095349F /* RegisterView.swift */ = {isa = PBXFileReference; lastKnownFileType = sourcecode.swift; path = RegisterView.swift; sourceTree = "<group>"; };
		74878C022961BE5F0095349F /* RecoverView.swift */ = {isa = PBXFileReference; lastKnownFileType = sourcecode.swift; path = RecoverView.swift; sourceTree = "<group>"; };
/* End PBXFileReference section */

/* Begin PBXFrameworksBuildPhase section */
		74878BA8296037BC0095349F /* Frameworks */ = {
			isa = PBXFrameworksBuildPhase;
			buildActionMask = 2147483647;
			files = (
				74878BFA2960BB100095349F /* SnapKit in Frameworks */,
			);
			runOnlyForDeploymentPostprocessing = 0;
		};
/* End PBXFrameworksBuildPhase section */

/* Begin PBXGroup section */
		74878BA2296037BC0095349F = {
			isa = PBXGroup;
			children = (
				74878BFB2960D4350095349F /* Helpers */,
				74878BCC29608D740095349F /* New Group */,
				74878BCB29608D0F0095349F /* Business Logic Layer */,
				74878BEB2960A98A0095349F /* Present Player */,
				74878BAD296037BC0095349F /* AuthPageTest */,
				74878BAC296037BC0095349F /* Products */,
			);
			sourceTree = "<group>";
		};
		74878BAC296037BC0095349F /* Products */ = {
			isa = PBXGroup;
			children = (
				74878BAB296037BC0095349F /* AuthPageTest.app */,
			);
			name = Products;
			sourceTree = "<group>";
		};
		74878BAD296037BC0095349F /* AuthPageTest */ = {
			isa = PBXGroup;
			children = (
				74878BAE296037BC0095349F /* AppDelegate.swift */,
				74878BB0296037BC0095349F /* SceneDelegate.swift */,
				74878BBA296037BF0095349F /* Assets.xcassets */,
				74878BBC296037BF0095349F /* LaunchScreen.storyboard */,
				74878BBF296037BF0095349F /* Info.plist */,
				74878BB7296037BC0095349F /* AuthPageTest.xcdatamodeld */,
			);
			path = AuthPageTest;
			sourceTree = "<group>";
		};
		74878BCB29608D0F0095349F /* Business Logic Layer */ = {
			isa = PBXGroup;
			children = (
				74878BCD29608DAA0095349F /* CoreData */,
			);
			path = "Business Logic Layer";
			sourceTree = "<group>";
		};
		74878BCC29608D740095349F /* New Group */ = {
			isa = PBXGroup;
			children = (
			);
			path = "New Group";
			sourceTree = "<group>";
		};
		74878BCD29608DAA0095349F /* CoreData */ = {
			isa = PBXGroup;
			children = (
				74878BC52960383B0095349F /* CoreDataManager.swift */,
				74878BCF29608DF80095349F /* CoreDataProvider.swift */,
				74878BCE29608DBC0095349F /* Entitys */,
			);
			path = CoreData;
			sourceTree = "<group>";
		};
		74878BCE29608DBC0095349F /* Entitys */ = {
			isa = PBXGroup;
			children = (
				74878BC72960418D0095349F /* Person+CoreDataClass.swift */,
				74878BC82960418D0095349F /* Person+CoreDataProperties.swift */,
			);
			path = Entitys;
			sourceTree = "<group>";
		};
		74878BEB2960A98A0095349F /* Present Player */ = {
			isa = PBXGroup;
			children = (
				74878BFE2961BDC00095349F /* UIKit */,
				74878BEC2960A9BB0095349F /* AuthPage */,
			);
			path = "Present Player";
			sourceTree = "<group>";
		};
		74878BEC2960A9BB0095349F /* AuthPage */ = {
			isa = PBXGroup;
			children = (
				74878BF12960AC340095349F /* AuthView.swift */,
				74878BB2296037BC0095349F /* AuthViewController.swift */,
				74878BEF2960AA1D0095349F /* AuthViewModel.swift */,
			);
			path = AuthPage;
			sourceTree = "<group>";
		};
		74878BFB2960D4350095349F /* Helpers */ = {
			isa = PBXGroup;
			children = (
				74878BFC2960D45D0095349F /* AppColors.swift */,
			);
			path = Helpers;
			sourceTree = "<group>";
		};
		74878BFE2961BDC00095349F /* UIKit */ = {
			isa = PBXGroup;
			children = (
				74878BFF2961BDD30095349F /* Views */,
			);
			path = UIKit;
			sourceTree = "<group>";
		};
		74878BFF2961BDD30095349F /* Views */ = {
			isa = PBXGroup;
			children = (
				74878C002961BE290095349F /* RegisterView.swift */,
				74878C022961BE5F0095349F /* RecoverView.swift */,
			);
			path = Views;
			sourceTree = "<group>";
		};
/* End PBXGroup section */

/* Begin PBXNativeTarget section */
		74878BAA296037BC0095349F /* AuthPageTest */ = {
			isa = PBXNativeTarget;
			buildConfigurationList = 74878BC2296037BF0095349F /* Build configuration list for PBXNativeTarget "AuthPageTest" */;
			buildPhases = (
				74878BA7296037BC0095349F /* Sources */,
				74878BA8296037BC0095349F /* Frameworks */,
				74878BA9296037BC0095349F /* Resources */,
			);
			buildRules = (
			);
			dependencies = (
			);
			name = AuthPageTest;
			packageProductDependencies = (
				74878BF92960BB100095349F /* SnapKit */,
			);
			productName = AuthPageTest;
			productReference = 74878BAB296037BC0095349F /* AuthPageTest.app */;
			productType = "com.apple.product-type.application";
		};
/* End PBXNativeTarget section */

/* Begin PBXProject section */
		74878BA3296037BC0095349F /* Project object */ = {
			isa = PBXProject;
			attributes = {
				BuildIndependentTargetsInParallel = 1;
				LastSwiftUpdateCheck = 1420;
				LastUpgradeCheck = 1420;
				TargetAttributes = {
					74878BAA296037BC0095349F = {
						CreatedOnToolsVersion = 14.2;
					};
				};
			};
			buildConfigurationList = 74878BA6296037BC0095349F /* Build configuration list for PBXProject "AuthPageTest" */;
			compatibilityVersion = "Xcode 14.0";
			developmentRegion = en;
			hasScannedForEncodings = 0;
			knownRegions = (
				en,
				Base,
			);
			mainGroup = 74878BA2296037BC0095349F;
			packageReferences = (
				74878BF82960BB100095349F /* XCRemoteSwiftPackageReference "SnapKit" */,
			);
			productRefGroup = 74878BAC296037BC0095349F /* Products */;
			projectDirPath = "";
			projectRoot = "";
			targets = (
				74878BAA296037BC0095349F /* AuthPageTest */,
			);
		};
/* End PBXProject section */

/* Begin PBXResourcesBuildPhase section */
		74878BA9296037BC0095349F /* Resources */ = {
			isa = PBXResourcesBuildPhase;
			buildActionMask = 2147483647;
			files = (
				74878BDF29609B980095349F /* LaunchScreen.storyboard in Resources */,
				74878BDE29609B8D0095349F /* Assets.xcassets in Resources */,
			);
			runOnlyForDeploymentPostprocessing = 0;
		};
/* End PBXResourcesBuildPhase section */

/* Begin PBXSourcesBuildPhase section */
		74878BA7296037BC0095349F /* Sources */ = {
			isa = PBXSourcesBuildPhase;
			buildActionMask = 2147483647;
			files = (
				74878BCA2960418D0095349F /* Person+CoreDataProperties.swift in Sources */,
				74878BB9296037BC0095349F /* AuthPageTest.xcdatamodeld in Sources */,
				74878BB3296037BC0095349F /* AuthViewController.swift in Sources */,
				74878BC92960418D0095349F /* Person+CoreDataClass.swift in Sources */,
				74878BFD2960D45D0095349F /* AppColors.swift in Sources */,
				74878BAF296037BC0095349F /* AppDelegate.swift in Sources */,
				74878BC62960383B0095349F /* CoreDataManager.swift in Sources */,
				74878BF22960AC340095349F /* AuthView.swift in Sources */,
				74878BB1296037BC0095349F /* SceneDelegate.swift in Sources */,
				74878C012961BE290095349F /* RegisterView.swift in Sources */,
				74878BD029608DF80095349F /* CoreDataProvider.swift in Sources */,
				74878C032961BE5F0095349F /* RecoverView.swift in Sources */,
				74878BF02960AA1D0095349F /* AuthViewModel.swift in Sources */,
			);
			runOnlyForDeploymentPostprocessing = 0;
		};
/* End PBXSourcesBuildPhase section */

/* Begin PBXVariantGroup section */
		74878BBC296037BF0095349F /* LaunchScreen.storyboard */ = {
			isa = PBXVariantGroup;
			children = (
				74878BBD296037BF0095349F /* Base */,
			);
			name = LaunchScreen.storyboard;
			sourceTree = "<group>";
		};
/* End PBXVariantGroup section */

/* Begin XCBuildConfiguration section */
		74878BC0296037BF0095349F /* Debug */ = {
			isa = XCBuildConfiguration;
			buildSettings = {
				ALWAYS_SEARCH_USER_PATHS = NO;
				CLANG_ANALYZER_NONNULL = YES;
				CLANG_ANALYZER_NUMBER_OBJECT_CONVERSION = YES_AGGRESSIVE;
				CLANG_CXX_LANGUAGE_STANDARD = "gnu++20";
				CLANG_ENABLE_MODULES = YES;
				CLANG_ENABLE_OBJC_ARC = YES;
				CLANG_ENABLE_OBJC_WEAK = YES;
				CLANG_WARN_BLOCK_CAPTURE_AUTORELEASING = YES;
				CLANG_WARN_BOOL_CONVERSION = YES;
				CLANG_WARN_COMMA = YES;
				CLANG_WARN_CONSTANT_CONVERSION = YES;
				CLANG_WARN_DEPRECATED_OBJC_IMPLEMENTATIONS = YES;
				CLANG_WARN_DIRECT_OBJC_ISA_USAGE = YES_ERROR;
				CLANG_WARN_DOCUMENTATION_COMMENTS = YES;
				CLANG_WARN_EMPTY_BODY = YES;
				CLANG_WARN_ENUM_CONVERSION = YES;
				CLANG_WARN_INFINITE_RECURSION = YES;
				CLANG_WARN_INT_CONVERSION = YES;
				CLANG_WARN_NON_LITERAL_NULL_CONVERSION = YES;
				CLANG_WARN_OBJC_IMPLICIT_RETAIN_SELF = YES;
				CLANG_WARN_OBJC_LITERAL_CONVERSION = YES;
				CLANG_WARN_OBJC_ROOT_CLASS = YES_ERROR;
				CLANG_WARN_QUOTED_INCLUDE_IN_FRAMEWORK_HEADER = YES;
				CLANG_WARN_RANGE_LOOP_ANALYSIS = YES;
				CLANG_WARN_STRICT_PROTOTYPES = YES;
				CLANG_WARN_SUSPICIOUS_MOVE = YES;
				CLANG_WARN_UNGUARDED_AVAILABILITY = YES_AGGRESSIVE;
				CLANG_WARN_UNREACHABLE_CODE = YES;
				CLANG_WARN__DUPLICATE_METHOD_MATCH = YES;
				COPY_PHASE_STRIP = NO;
				DEBUG_INFORMATION_FORMAT = dwarf;
				ENABLE_STRICT_OBJC_MSGSEND = YES;
				ENABLE_TESTABILITY = YES;
				GCC_C_LANGUAGE_STANDARD = gnu11;
				GCC_DYNAMIC_NO_PIC = NO;
				GCC_NO_COMMON_BLOCKS = YES;
				GCC_OPTIMIZATION_LEVEL = 0;
				GCC_PREPROCESSOR_DEFINITIONS = (
					"DEBUG=1",
					"$(inherited)",
				);
				GCC_WARN_64_TO_32_BIT_CONVERSION = YES;
				GCC_WARN_ABOUT_RETURN_TYPE = YES_ERROR;
				GCC_WARN_UNDECLARED_SELECTOR = YES;
				GCC_WARN_UNINITIALIZED_AUTOS = YES_AGGRESSIVE;
				GCC_WARN_UNUSED_FUNCTION = YES;
				GCC_WARN_UNUSED_VARIABLE = YES;
				IPHONEOS_DEPLOYMENT_TARGET = 16.2;
				MTL_ENABLE_DEBUG_INFO = INCLUDE_SOURCE;
				MTL_FAST_MATH = YES;
				ONLY_ACTIVE_ARCH = YES;
				SDKROOT = iphoneos;
				SWIFT_ACTIVE_COMPILATION_CONDITIONS = DEBUG;
				SWIFT_OPTIMIZATION_LEVEL = "-Onone";
			};
			name = Debug;
		};
		74878BC1296037BF0095349F /* Release */ = {
			isa = XCBuildConfiguration;
			buildSettings = {
				ALWAYS_SEARCH_USER_PATHS = NO;
				CLANG_ANALYZER_NONNULL = YES;
				CLANG_ANALYZER_NUMBER_OBJECT_CONVERSION = YES_AGGRESSIVE;
				CLANG_CXX_LANGUAGE_STANDARD = "gnu++20";
				CLANG_ENABLE_MODULES = YES;
				CLANG_ENABLE_OBJC_ARC = YES;
				CLANG_ENABLE_OBJC_WEAK = YES;
				CLANG_WARN_BLOCK_CAPTURE_AUTORELEASING = YES;
				CLANG_WARN_BOOL_CONVERSION = YES;
				CLANG_WARN_COMMA = YES;
				CLANG_WARN_CONSTANT_CONVERSION = YES;
				CLANG_WARN_DEPRECATED_OBJC_IMPLEMENTATIONS = YES;
				CLANG_WARN_DIRECT_OBJC_ISA_USAGE = YES_ERROR;
				CLANG_WARN_DOCUMENTATION_COMMENTS = YES;
				CLANG_WARN_EMPTY_BODY = YES;
				CLANG_WARN_ENUM_CONVERSION = YES;
				CLANG_WARN_INFINITE_RECURSION = YES;
				CLANG_WARN_INT_CONVERSION = YES;
				CLANG_WARN_NON_LITERAL_NULL_CONVERSION = YES;
				CLANG_WARN_OBJC_IMPLICIT_RETAIN_SELF = YES;
				CLANG_WARN_OBJC_LITERAL_CONVERSION = YES;
				CLANG_WARN_OBJC_ROOT_CLASS = YES_ERROR;
				CLANG_WARN_QUOTED_INCLUDE_IN_FRAMEWORK_HEADER = YES;
				CLANG_WARN_RANGE_LOOP_ANALYSIS = YES;
				CLANG_WARN_STRICT_PROTOTYPES = YES;
				CLANG_WARN_SUSPICIOUS_MOVE = YES;
				CLANG_WARN_UNGUARDED_AVAILABILITY = YES_AGGRESSIVE;
				CLANG_WARN_UNREACHABLE_CODE = YES;
				CLANG_WARN__DUPLICATE_METHOD_MATCH = YES;
				COPY_PHASE_STRIP = NO;
				DEBUG_INFORMATION_FORMAT = "dwarf-with-dsym";
				ENABLE_NS_ASSERTIONS = NO;
				ENABLE_STRICT_OBJC_MSGSEND = YES;
				GCC_C_LANGUAGE_STANDARD = gnu11;
				GCC_NO_COMMON_BLOCKS = YES;
				GCC_WARN_64_TO_32_BIT_CONVERSION = YES;
				GCC_WARN_ABOUT_RETURN_TYPE = YES_ERROR;
				GCC_WARN_UNDECLARED_SELECTOR = YES;
				GCC_WARN_UNINITIALIZED_AUTOS = YES_AGGRESSIVE;
				GCC_WARN_UNUSED_FUNCTION = YES;
				GCC_WARN_UNUSED_VARIABLE = YES;
				IPHONEOS_DEPLOYMENT_TARGET = 16.2;
				MTL_ENABLE_DEBUG_INFO = NO;
				MTL_FAST_MATH = YES;
				SDKROOT = iphoneos;
				SWIFT_COMPILATION_MODE = wholemodule;
				SWIFT_OPTIMIZATION_LEVEL = "-O";
				VALIDATE_PRODUCT = YES;
			};
			name = Release;
		};
		74878BC3296037BF0095349F /* Debug */ = {
			isa = XCBuildConfiguration;
			buildSettings = {
				ASSETCATALOG_COMPILER_APPICON_NAME = AppIcon;
				ASSETCATALOG_COMPILER_GLOBAL_ACCENT_COLOR_NAME = AccentColor;
				CODE_SIGN_STYLE = Automatic;
				CURRENT_PROJECT_VERSION = 1;
				GENERATE_INFOPLIST_FILE = YES;
				INFOPLIST_FILE = AuthPageTest/Info.plist;
				INFOPLIST_KEY_UIApplicationSupportsIndirectInputEvents = YES;
				INFOPLIST_KEY_UILaunchStoryboardName = LaunchScreen;
				INFOPLIST_KEY_UISupportedInterfaceOrientations_iPad = "UIInterfaceOrientationPortrait UIInterfaceOrientationPortraitUpsideDown UIInterfaceOrientationLandscapeLeft UIInterfaceOrientationLandscapeRight";
				INFOPLIST_KEY_UISupportedInterfaceOrientations_iPhone = "UIInterfaceOrientationPortrait UIInterfaceOrientationLandscapeLeft UIInterfaceOrientationLandscapeRight";
				LD_RUNPATH_SEARCH_PATHS = (
					"$(inherited)",
					"@executable_path/Frameworks",
				);
				MARKETING_VERSION = 1.0;
				PRODUCT_BUNDLE_IDENTIFIER = "-23213.AuthPageTest";
				PRODUCT_NAME = "$(TARGET_NAME)";
				SWIFT_EMIT_LOC_STRINGS = YES;
				SWIFT_VERSION = 5.0;
				TARGETED_DEVICE_FAMILY = "1,2";
			};
			name = Debug;
		};
		74878BC4296037BF0095349F /* Release */ = {
			isa = XCBuildConfiguration;
			buildSettings = {
				ASSETCATALOG_COMPILER_APPICON_NAME = AppIcon;
				ASSETCATALOG_COMPILER_GLOBAL_ACCENT_COLOR_NAME = AccentColor;
				CODE_SIGN_STYLE = Automatic;
				CURRENT_PROJECT_VERSION = 1;
				GENERATE_INFOPLIST_FILE = YES;
				INFOPLIST_FILE = AuthPageTest/Info.plist;
				INFOPLIST_KEY_UIApplicationSupportsIndirectInputEvents = YES;
				INFOPLIST_KEY_UILaunchStoryboardName = LaunchScreen;
				INFOPLIST_KEY_UISupportedInterfaceOrientations_iPad = "UIInterfaceOrientationPortrait UIInterfaceOrientationPortraitUpsideDown UIInterfaceOrientationLandscapeLeft UIInterfaceOrientationLandscapeRight";
				INFOPLIST_KEY_UISupportedInterfaceOrientations_iPhone = "UIInterfaceOrientationPortrait UIInterfaceOrientationLandscapeLeft UIInterfaceOrientationLandscapeRight";
				LD_RUNPATH_SEARCH_PATHS = (
					"$(inherited)",
					"@executable_path/Frameworks",
				);
				MARKETING_VERSION = 1.0;
				PRODUCT_BUNDLE_IDENTIFIER = "-23213.AuthPageTest";
				PRODUCT_NAME = "$(TARGET_NAME)";
				SWIFT_EMIT_LOC_STRINGS = YES;
				SWIFT_VERSION = 5.0;
				TARGETED_DEVICE_FAMILY = "1,2";
			};
			name = Release;
		};
/* End XCBuildConfiguration section */

/* Begin XCConfigurationList section */
		74878BA6296037BC0095349F /* Build configuration list for PBXProject "AuthPageTest" */ = {
			isa = XCConfigurationList;
			buildConfigurations = (
				74878BC0296037BF0095349F /* Debug */,
				74878BC1296037BF0095349F /* Release */,
			);
			defaultConfigurationIsVisible = 0;
			defaultConfigurationName = Release;
		};
		74878BC2296037BF0095349F /* Build configuration list for PBXNativeTarget "AuthPageTest" */ = {
			isa = XCConfigurationList;
			buildConfigurations = (
				74878BC3296037BF0095349F /* Debug */,
				74878BC4296037BF0095349F /* Release */,
			);
			defaultConfigurationIsVisible = 0;
			defaultConfigurationName = Release;
		};
/* End XCConfigurationList section */

/* Begin XCRemoteSwiftPackageReference section */
		74878BF82960BB100095349F /* XCRemoteSwiftPackageReference "SnapKit" */ = {
			isa = XCRemoteSwiftPackageReference;
			repositoryURL = "https://github.com/SnapKit/SnapKit";
			requirement = {
				branch = develop;
				kind = branch;
			};
		};
/* End XCRemoteSwiftPackageReference section */

/* Begin XCSwiftPackageProductDependency section */
		74878BF92960BB100095349F /* SnapKit */ = {
			isa = XCSwiftPackageProductDependency;
			package = 74878BF82960BB100095349F /* XCRemoteSwiftPackageReference "SnapKit" */;
			productName = SnapKit;
		};
/* End XCSwiftPackageProductDependency section */

/* Begin XCVersionGroup section */
		74878BB7296037BC0095349F /* AuthPageTest.xcdatamodeld */ = {
			isa = XCVersionGroup;
			children = (
				74878BB8296037BC0095349F /* AuthPageTest.xcdatamodel */,
			);
			currentVersion = 74878BB8296037BC0095349F /* AuthPageTest.xcdatamodel */;
			path = AuthPageTest.xcdatamodeld;
			sourceTree = "<group>";
			versionGroupType = wrapper.xcdatamodel;
		};
/* End XCVersionGroup section */
	};
	rootObject = 74878BA3296037BC0095349F /* Project object */;
}
